
Microsoft Visual Studio Solution File, Format Version 12.00
# Visual Studio 15
VisualStudioVersion = 15.0.26124.0
MinimumVisualStudioVersion = 15.0.26124.0
Project("{2150E333-8FDC-42A3-9474-1A3956D46DE8}") = "src", "src", "{E5DD9743-0C8E-4A4E-AD9E-FF2BCB0EDDE7}"
EndProject
Project("{FAE04EC0-301F-11D3-BF4B-00C04F79EFBC}") = "Web", "src\Web\Web.csproj", "{B3D70F44-74CF-48D2-9719-8E397642FC7C}"
EndProject
Project("{2150E333-8FDC-42A3-9474-1A3956D46DE8}") = "tests", "tests", "{C06136C3-DCDB-408E-BF18-CCDBD90DDC10}"
EndProject
Project("{FAE04EC0-301F-11D3-BF4B-00C04F79EFBC}") = "FunctionalTests", "tests\FunctionalTests\FunctionalTests.csproj", "{16445B98-D06A-4283-B450-7D5731257CC8}"
EndProject
Project("{FAE04EC0-301F-11D3-BF4B-00C04F79EFBC}") = "IntegrationTests", "tests\IntegrationTests\IntegrationTests.csproj", "{85C043C6-1819-4BBF-A2E6-DB99136FB75E}"
EndProject
Project("{FAE04EC0-301F-11D3-BF4B-00C04F79EFBC}") = "UnitTests", "tests\UnitTests\UnitTests.csproj", "{296F14E2-BA1D-4479-992A-6DFDF23CA51A}"
EndProject
Global
	GlobalSection(SolutionConfigurationPlatforms) = preSolution
		Debug|Any CPU = Debug|Any CPU
		Debug|x64 = Debug|x64
		Debug|x86 = Debug|x86
		Release|Any CPU = Release|Any CPU
		Release|x64 = Release|x64
		Release|x86 = Release|x86
	EndGlobalSection
	GlobalSection(SolutionProperties) = preSolution
		HideSolutionNode = FALSE
	EndGlobalSection
	GlobalSection(ProjectConfigurationPlatforms) = postSolution
		{B3D70F44-74CF-48D2-9719-8E397642FC7C}.Debug|Any CPU.ActiveCfg = Debug|Any CPU
		{B3D70F44-74CF-48D2-9719-8E397642FC7C}.Debug|Any CPU.Build.0 = Debug|Any CPU
		{B3D70F44-74CF-48D2-9719-8E397642FC7C}.Debug|x64.ActiveCfg = Debug|Any CPU
		{B3D70F44-74CF-48D2-9719-8E397642FC7C}.Debug|x64.Build.0 = Debug|Any CPU
		{B3D70F44-74CF-48D2-9719-8E397642FC7C}.Debug|x86.ActiveCfg = Debug|Any CPU
		{B3D70F44-74CF-48D2-9719-8E397642FC7C}.Debug|x86.Build.0 = Debug|Any CPU
		{B3D70F44-74CF-48D2-9719-8E397642FC7C}.Release|Any CPU.ActiveCfg = Release|Any CPU
		{B3D70F44-74CF-48D2-9719-8E397642FC7C}.Release|Any CPU.Build.0 = Release|Any CPU
		{B3D70F44-74CF-48D2-9719-8E397642FC7C}.Release|x64.ActiveCfg = Release|Any CPU
		{B3D70F44-74CF-48D2-9719-8E397642FC7C}.Release|x64.Build.0 = Release|Any CPU
		{B3D70F44-74CF-48D2-9719-8E397642FC7C}.Release|x86.ActiveCfg = Release|Any CPU
		{B3D70F44-74CF-48D2-9719-8E397642FC7C}.Release|x86.Build.0 = Release|Any CPU
		{16445B98-D06A-4283-B450-7D5731257CC8}.Debug|Any CPU.ActiveCfg = Debug|Any CPU
		{16445B98-D06A-4283-B450-7D5731257CC8}.Debug|Any CPU.Build.0 = Debug|Any CPU
		{16445B98-D06A-4283-B450-7D5731257CC8}.Debug|x64.ActiveCfg = Debug|Any CPU
		{16445B98-D06A-4283-B450-7D5731257CC8}.Debug|x64.Build.0 = Debug|Any CPU
		{16445B98-D06A-4283-B450-7D5731257CC8}.Debug|x86.ActiveCfg = Debug|Any CPU
		{16445B98-D06A-4283-B450-7D5731257CC8}.Debug|x86.Build.0 = Debug|Any CPU
		{16445B98-D06A-4283-B450-7D5731257CC8}.Release|Any CPU.ActiveCfg = Release|Any CPU
		{16445B98-D06A-4283-B450-7D5731257CC8}.Release|Any CPU.Build.0 = Release|Any CPU
		{16445B98-D06A-4283-B450-7D5731257CC8}.Release|x64.ActiveCfg = Release|Any CPU
		{16445B98-D06A-4283-B450-7D5731257CC8}.Release|x64.Build.0 = Release|Any CPU
		{16445B98-D06A-4283-B450-7D5731257CC8}.Release|x86.ActiveCfg = Release|Any CPU
		{16445B98-D06A-4283-B450-7D5731257CC8}.Release|x86.Build.0 = Release|Any CPU
		{85C043C6-1819-4BBF-A2E6-DB99136FB75E}.Debug|Any CPU.ActiveCfg = Debug|Any CPU
		{85C043C6-1819-4BBF-A2E6-DB99136FB75E}.Debug|Any CPU.Build.0 = Debug|Any CPU
		{85C043C6-1819-4BBF-A2E6-DB99136FB75E}.Debug|x64.ActiveCfg = Debug|Any CPU
		{85C043C6-1819-4BBF-A2E6-DB99136FB75E}.Debug|x64.Build.0 = Debug|Any CPU
		{85C043C6-1819-4BBF-A2E6-DB99136FB75E}.Debug|x86.ActiveCfg = Debug|Any CPU
		{85C043C6-1819-4BBF-A2E6-DB99136FB75E}.Debug|x86.Build.0 = Debug|Any CPU
		{85C043C6-1819-4BBF-A2E6-DB99136FB75E}.Release|Any CPU.ActiveCfg = Release|Any CPU
		{85C043C6-1819-4BBF-A2E6-DB99136FB75E}.Release|Any CPU.Build.0 = Release|Any CPU
		{85C043C6-1819-4BBF-A2E6-DB99136FB75E}.Release|x64.ActiveCfg = Release|Any CPU
		{85C043C6-1819-4BBF-A2E6-DB99136FB75E}.Release|x64.Build.0 = Release|Any CPU
		{85C043C6-1819-4BBF-A2E6-DB99136FB75E}.Release|x86.ActiveCfg = Release|Any CPU
		{85C043C6-1819-4BBF-A2E6-DB99136FB75E}.Release|x86.Build.0 = Release|Any CPU
		{296F14E2-BA1D-4479-992A-6DFDF23CA51A}.Debug|Any CPU.ActiveCfg = Debug|Any CPU
		{296F14E2-BA1D-4479-992A-6DFDF23CA51A}.Debug|Any CPU.Build.0 = Debug|Any CPU
		{296F14E2-BA1D-4479-992A-6DFDF23CA51A}.Debug|x64.ActiveCfg = Debug|Any CPU
		{296F14E2-BA1D-4479-992A-6DFDF23CA51A}.Debug|x64.Build.0 = Debug|Any CPU
		{296F14E2-BA1D-4479-992A-6DFDF23CA51A}.Debug|x86.ActiveCfg = Debug|Any CPU
		{296F14E2-BA1D-4479-992A-6DFDF23CA51A}.Debug|x86.Build.0 = Debug|Any CPU
		{296F14E2-BA1D-4479-992A-6DFDF23CA51A}.Release|Any CPU.ActiveCfg = Release|Any CPU
		{296F14E2-BA1D-4479-992A-6DFDF23CA51A}.Release|Any CPU.Build.0 = Release|Any CPU
		{296F14E2-BA1D-4479-992A-6DFDF23CA51A}.Release|x64.ActiveCfg = Release|Any CPU
		{296F14E2-BA1D-4479-992A-6DFDF23CA51A}.Release|x64.Build.0 = Release|Any CPU
		{296F14E2-BA1D-4479-992A-6DFDF23CA51A}.Release|x86.ActiveCfg = Release|Any CPU
		{296F14E2-BA1D-4479-992A-6DFDF23CA51A}.Release|x86.Build.0 = Release|Any CPU
	EndGlobalSection
	GlobalSection(NestedProjects) = preSolution
		{B3D70F44-74CF-48D2-9719-8E397642FC7C} = {E5DD9743-0C8E-4A4E-AD9E-FF2BCB0EDDE7}
		{16445B98-D06A-4283-B450-7D5731257CC8} = {C06136C3-DCDB-408E-BF18-CCDBD90DDC10}
		{85C043C6-1819-4BBF-A2E6-DB99136FB75E} = {C06136C3-DCDB-408E-BF18-CCDBD90DDC10}
		{296F14E2-BA1D-4479-992A-6DFDF23CA51A} = {C06136C3-DCDB-408E-BF18-CCDBD90DDC10}
	EndGlobalSection
EndGlobal
